
Microsoft Visual Studio Solution File, Format Version 12.00
# Visual Studio 2012
Project("{FAE04EC0-301F-11D3-BF4B-00C04F79EFBC}") = "raspored", "raspored\raspored.csproj", "{659B03B5-43EA-401E-8479-3FCA732D2702}"
EndProject
Project("{FAE04EC0-301F-11D3-BF4B-00C04F79EFBC}") = "WindowsFormsApplication1", "F:\Projects\Projects\WindowsFormsApplication1\WindowsFormsApplication1\WindowsFormsApplication1\WindowsFormsApplication1.csproj", "{04E75B46-BF7A-4127-BBC6-B43BF94AEEE7}"
EndProject
Global
	GlobalSection(SolutionConfigurationPlatforms) = preSolution
		Debug|Any CPU = Debug|Any CPU
		Release|Any CPU = Release|Any CPU
	EndGlobalSection
	GlobalSection(ProjectConfigurationPlatforms) = postSolution
		{659B03B5-43EA-401E-8479-3FCA732D2702}.Debug|Any CPU.ActiveCfg = Debug|Any CPU
		{659B03B5-43EA-401E-8479-3FCA732D2702}.Debug|Any CPU.Build.0 = Debug|Any CPU
		{659B03B5-43EA-401E-8479-3FCA732D2702}.Release|Any CPU.ActiveCfg = Release|Any CPU
		{659B03B5-43EA-401E-8479-3FCA732D2702}.Release|Any CPU.Build.0 = Release|Any CPU
		{04E75B46-BF7A-4127-BBC6-B43BF94AEEE7}.Debug|Any CPU.ActiveCfg = Debug|Any CPU
		{04E75B46-BF7A-4127-BBC6-B43BF94AEEE7}.Debug|Any CPU.Build.0 = Debug|Any CPU
		{04E75B46-BF7A-4127-BBC6-B43BF94AEEE7}.Release|Any CPU.ActiveCfg = Release|Any CPU
		{04E75B46-BF7A-4127-BBC6-B43BF94AEEE7}.Release|Any CPU.Build.0 = Release|Any CPU
	EndGlobalSection
	GlobalSection(SolutionProperties) = preSolution
		HideSolutionNode = FALSE
	EndGlobalSection
EndGlobal
